<?xml version="1.0" encoding="utf-8"?>
<Project ToolsVersion="4.0" xmlns="http://schemas.microsoft.com/developer/msbuild/2003">
  <ItemGroup>
    <ClCompile Include="GSSAPIAttributeExtractor.cpp" />
    <ClCompile Include="plugins.cpp" />
    <ClCompile Include="TransformAttributeResolver.cpp" />
    <ClCompile Include="TemplateAttributeResolver.cpp" />
    <ClCompile Include="CaseFoldingAttributeResolver.cpp" />
    <ClCompile Include="TimeAccessControl.cpp" />
  </ItemGroup>
  <ItemGroup>
    <ClInclude Include="internal.h" />
    <ClInclude Include="resource.h" />
  </ItemGroup>
  <ItemGroup>
    <None Include="Makefile.am" />
  </ItemGroup>
  <ItemGroup>
    <ResourceCompile Include="plugins.rc" />
  </ItemGroup>
</Project>