<?xml version="1.0" encoding="utf-8"?>
<Project ToolsVersion="4.0" xmlns="http://schemas.microsoft.com/developer/msbuild/2003">
  <ItemGroup>
    <Filter Include="GeneratedCode">
      <UniqueIdentifier>{fcbe8a11-bd10-42fc-bae0-3d98a28cc043}</UniqueIdentifier>
    </Filter>
    <Filter Include="UnitTests">
      <UniqueIdentifier>{4FC737F1-C7A5-4376-A066-2A32D752A2FF}</UniqueIdentifier>
      <Extensions>cpp;c;cc;cxx;def;odl;idl;hpj;bat;asm;asmx</Extensions>
    </Filter>
    <Filter Include="Data">
      <UniqueIdentifier>{c7232fb3-a33b-4038-80d4-eb48b209a285}</UniqueIdentifier>
    </Filter>
    <Filter Include="Headers">
      <UniqueIdentifier>{cf42e119-7cf9-4ff7-a27d-a4148c214ddd}</UniqueIdentifier>
    </Filter>
    <Filter Include="Source">
      <UniqueIdentifier>{63179b9d-7e8f-4fc1-aeed-19174ecf134b}</UniqueIdentifier>
    </Filter>
    <Filter Include="Data\Metadata">
      <UniqueIdentifier>{9f784e0b-e150-40c5-bc09-eb884c7b7a47}</UniqueIdentifier>
    </Filter>
  </ItemGroup>
  <ItemGroup>
    <CustomBuild Include="..\..\..\unittests\DynamicMetadataProviderTest.h">
      <Filter>UnitTests</Filter>
    </CustomBuild>
    <CustomBuild Include="..\..\..\unittests\SPTest.h">
      <Filter>UnitTests</Filter>
    </CustomBuild>
  </ItemGroup>
  <ItemGroup>
    <ClCompile Include="..\..\..\Build\VC15\UnitTests\x64\Debug\DynamicMetadataProviderTest.cpp">
      <Filter>GeneratedCode</Filter>
    </ClCompile>
    <ClCompile Include="..\..\..\Build\VC15\UnitTests\x64\Debug\SPTest.cpp">
      <Filter>GeneratedCode</Filter>
    </ClCompile>
    <ClCompile Include="..\..\..\unittests\TestApplication.cpp">
      <Filter>Source</Filter>
    </ClCompile>
  </ItemGroup>
  <ItemGroup>
    <Xml Include="..\..\..\unittests\data\templateFromFile.xml">
      <Filter>Data</Filter>
    </Xml>
    <Xml Include="..\..\..\unittests\data\templateFromRepo.xml">
      <Filter>Data</Filter>
    </Xml>
    <Xml Include="..\..\..\unittests\data\regexFromFile.xml">
      <Filter>Data</Filter>
    </Xml>
    <Xml Include="..\..\..\unittests\data\fromMDQ.xml">
      <Filter>Data</Filter>
    </Xml>
    <Xml Include="..\..\..\unittests\data\staticFromFile.xml">
      <Filter>Data</Filter>
    </Xml>
    <Xml Include="..\..\..\unittests\data\idp.shibboleth.net.xml">
      <Filter>Data\Metadata</Filter>
    </Xml>
    <Xml Include="..\..\..\unittests\data\df5a20c921bc30c1b76c5a6cec08d074e280de8b.xml">
      <Filter>Data\Metadata</Filter>
    </Xml>
    <Xml Include="..\..\..\unittests\data\chainedFromURL.xml">
      <Filter>Data</Filter>
    </Xml>
  </ItemGroup>
  <ItemGroup>
    <ClInclude Include="..\..\..\unittests\BaseTestCase.h">
      <Filter>Headers</Filter>
    </ClInclude>
    <ClInclude Include="..\..\..\unittests\TestApplication.h">
      <Filter>Headers</Filter>
    </ClInclude>
  </ItemGroup>
</Project>